
Microsoft Visual Studio Solution File, Format Version 12.00
# Visual Studio Version 17
VisualStudioVersion = 17.1.32328.378
MinimumVisualStudioVersion = 10.0.40219.1
Project("{FAE04EC0-301F-11D3-BF4B-00C04F79EFBC}") = "WebApi", "WebApi\WebApi.csproj", "{316B4FEB-3C58-467A-9EFF-9363D73AF1C8}"
EndProject
Project("{FAE04EC0-301F-11D3-BF4B-00C04F79EFBC}") = "MyMvc", "MyMvc\MyMvc.csproj", "{2E2C7368-D55C-4FFC-92FB-A401106461AD}"
EndProject
Global
	GlobalSection(SolutionConfigurationPlatforms) = preSolution
		Debug|Any CPU = Debug|Any CPU
		Release|Any CPU = Release|Any CPU
	EndGlobalSection
	GlobalSection(ProjectConfigurationPlatforms) = postSolution
		{316B4FEB-3C58-467A-9EFF-9363D73AF1C8}.Debug|Any CPU.ActiveCfg = Debug|Any CPU
		{316B4FEB-3C58-467A-9EFF-9363D73AF1C8}.Debug|Any CPU.Build.0 = Debug|Any CPU
		{316B4FEB-3C58-467A-9EFF-9363D73AF1C8}.Release|Any CPU.ActiveCfg = Release|Any CPU
		{316B4FEB-3C58-467A-9EFF-9363D73AF1C8}.Release|Any CPU.Build.0 = Release|Any CPU
		{2E2C7368-D55C-4FFC-92FB-A401106461AD}.Debug|Any CPU.ActiveCfg = Debug|Any CPU
		{2E2C7368-D55C-4FFC-92FB-A401106461AD}.Debug|Any CPU.Build.0 = Debug|Any CPU
		{2E2C7368-D55C-4FFC-92FB-A401106461AD}.Release|Any CPU.ActiveCfg = Release|Any CPU
		{2E2C7368-D55C-4FFC-92FB-A401106461AD}.Release|Any CPU.Build.0 = Release|Any CPU
	EndGlobalSection
	GlobalSection(SolutionProperties) = preSolution
		HideSolutionNode = FALSE
	EndGlobalSection
	GlobalSection(ExtensibilityGlobals) = postSolution
		SolutionGuid = {788FCCCE-D2EE-43D3-A911-D93569E6599C}
	EndGlobalSection
EndGlobal
