
Microsoft Visual Studio Solution File, Format Version 12.00
# Visual Studio Version 17
VisualStudioVersion = 17.1.32328.378
MinimumVisualStudioVersion = 10.0.40219.1
Project("{9A19103F-16F7-4668-BE54-9A1E7A4F7556}") = "WaggleApplication", "WaggleApplication\WaggleApplication.csproj", "{6F50239E-01EA-4FC7-AEB2-D7906D6E731F}"
EndProject
Project("{FAE04EC0-301F-11D3-BF4B-00C04F79EFBC}") = "WaggleApp", "WaggleApp\WaggleApp.csproj", "{803CD1AF-1C22-4CF0-BCCD-6B149BA6F5D3}"
EndProject
Project("{9A19103F-16F7-4668-BE54-9A1E7A4F7556}") = "EmployeeManager", "..\EmployeeManager\EmployeeManager\EmployeeManager.csproj", "{A4ACC4D5-39BA-4C6B-9AFD-0341F346E3B3}"
EndProject
Global
	GlobalSection(SolutionConfigurationPlatforms) = preSolution
		Debug|Any CPU = Debug|Any CPU
		Release|Any CPU = Release|Any CPU
	EndGlobalSection
	GlobalSection(ProjectConfigurationPlatforms) = postSolution
		{6F50239E-01EA-4FC7-AEB2-D7906D6E731F}.Debug|Any CPU.ActiveCfg = Debug|Any CPU
		{6F50239E-01EA-4FC7-AEB2-D7906D6E731F}.Debug|Any CPU.Build.0 = Debug|Any CPU
		{6F50239E-01EA-4FC7-AEB2-D7906D6E731F}.Release|Any CPU.ActiveCfg = Release|Any CPU
		{6F50239E-01EA-4FC7-AEB2-D7906D6E731F}.Release|Any CPU.Build.0 = Release|Any CPU
		{803CD1AF-1C22-4CF0-BCCD-6B149BA6F5D3}.Debug|Any CPU.ActiveCfg = Debug|Any CPU
		{803CD1AF-1C22-4CF0-BCCD-6B149BA6F5D3}.Debug|Any CPU.Build.0 = Debug|Any CPU
		{803CD1AF-1C22-4CF0-BCCD-6B149BA6F5D3}.Release|Any CPU.ActiveCfg = Release|Any CPU
		{803CD1AF-1C22-4CF0-BCCD-6B149BA6F5D3}.Release|Any CPU.Build.0 = Release|Any CPU
		{A4ACC4D5-39BA-4C6B-9AFD-0341F346E3B3}.Debug|Any CPU.ActiveCfg = Debug|Any CPU
		{A4ACC4D5-39BA-4C6B-9AFD-0341F346E3B3}.Debug|Any CPU.Build.0 = Debug|Any CPU
		{A4ACC4D5-39BA-4C6B-9AFD-0341F346E3B3}.Release|Any CPU.ActiveCfg = Release|Any CPU
		{A4ACC4D5-39BA-4C6B-9AFD-0341F346E3B3}.Release|Any CPU.Build.0 = Release|Any CPU
	EndGlobalSection
	GlobalSection(SolutionProperties) = preSolution
		HideSolutionNode = FALSE
	EndGlobalSection
	GlobalSection(ExtensibilityGlobals) = postSolution
		SolutionGuid = {6EB9837A-F115-4F25-A055-842E2B149425}
	EndGlobalSection
EndGlobal
